# This file is automatically generated by cargo-component.
# It is not intended for manual editing.
version = 1

[[package]]
name = "colinrozzi-wit:anthropic-proxy"

[[package.version]]
requirement = "^0.0.1"
version = "0.0.1"
digest = "sha256:77b3131ff980b3ada230f7a3f28fab02baf466b1bdc2796c2ff4dca0561cec07"
