# This file is automatically generated by cargo-component.
# It is not intended for manual editing.
version = 1

[[package]]
name = "colinrozzi-wit:anthropic-proxy"

[[package.version]]
requirement = "^0.1.0"
version = "0.1.0"
digest = "sha256:337a2c88ade3ca037df469a2f85cb567e17df132e8300c1e20531f3d3b4a147e"
